// !$*UTF8*$!
{
	archiveVersion = 1;
	classes = {
	};
	objectVersion = 46;
	objects = {

/* Begin PBXBuildFile section */
		AD319C711E6BEFAA00E2280B /* NoteTableViewCell.swift in Sources */ = {isa = PBXBuildFile; fileRef = AD319C701E6BEFAA00E2280B /* NoteTableViewCell.swift */; };
		AD319C731E6BFC3500E2280B /* NoteTableViewController.swift in Sources */ = {isa = PBXBuildFile; fileRef = AD319C721E6BFC3500E2280B /* NoteTableViewController.swift */; };
		AD9484BD1E6665C60045BBB8 /* AppDelegate.swift in Sources */ = {isa = PBXBuildFile; fileRef = AD9484BC1E6665C60045BBB8 /* AppDelegate.swift */; };
		AD9484BF1E6665C60045BBB8 /* NoteViewController.swift in Sources */ = {isa = PBXBuildFile; fileRef = AD9484BE1E6665C60045BBB8 /* NoteViewController.swift */; };
		AD9484C21E6665C60045BBB8 /* Main.storyboard in Resources */ = {isa = PBXBuildFile; fileRef = AD9484C01E6665C60045BBB8 /* Main.storyboard */; };
		AD9484C71E6665C60045BBB8 /* LaunchScreen.storyboard in Resources */ = {isa = PBXBuildFile; fileRef = AD9484C51E6665C60045BBB8 /* LaunchScreen.storyboard */; };
		AD9484D21E6665C60045BBB8 /* My_To_DosTests.swift in Sources */ = {isa = PBXBuildFile; fileRef = AD9484D11E6665C60045BBB8 /* My_To_DosTests.swift */; };
		AD9484DD1E6665C60045BBB8 /* My_To_DosUITests.swift in Sources */ = {isa = PBXBuildFile; fileRef = AD9484DC1E6665C60045BBB8 /* My_To_DosUITests.swift */; };
		ADE880261E67C76300EF4E7E /* Note.swift in Sources */ = {isa = PBXBuildFile; fileRef = ADE880251E67C76300EF4E7E /* Note.swift */; };
		ADEB02451E69E7390062A6AC /* Assets.xcassets in Resources */ = {isa = PBXBuildFile; fileRef = ADEB02441E69E7390062A6AC /* Assets.xcassets */; };
		ADF02AC31E6D1A6400F42B54 /* dateTimeViewController.swift in Sources */ = {isa = PBXBuildFile; fileRef = ADF02AC21E6D1A6400F42B54 /* dateTimeViewController.swift */; };
/* End PBXBuildFile section */

/* Begin PBXContainerItemProxy section */
		AD9484CE1E6665C60045BBB8 /* PBXContainerItemProxy */ = {
			isa = PBXContainerItemProxy;
			containerPortal = AD9484B11E6665C60045BBB8 /* Project object */;
			proxyType = 1;
			remoteGlobalIDString = AD9484B81E6665C60045BBB8;
			remoteInfo = "My To Dos";
		};
		AD9484D91E6665C60045BBB8 /* PBXContainerItemProxy */ = {
			isa = PBXContainerItemProxy;
			containerPortal = AD9484B11E6665C60045BBB8 /* Project object */;
			proxyType = 1;
			remoteGlobalIDString = AD9484B81E6665C60045BBB8;
			remoteInfo = "My To Dos";
		};
/* End PBXContainerItemProxy section */

/* Begin PBXFileReference section */
		AD319C701E6BEFAA00E2280B /* NoteTableViewCell.swift */ = {isa = PBXFileReference; fileEncoding = 4; lastKnownFileType = sourcecode.swift; path = NoteTableViewCell.swift; sourceTree = "<group>"; };
		AD319C721E6BFC3500E2280B /* NoteTableViewController.swift */ = {isa = PBXFileReference; fileEncoding = 4; lastKnownFileType = sourcecode.swift; path = NoteTableViewController.swift; sourceTree = "<group>"; };
		AD9484B91E6665C60045BBB8 /* My To Dos.app */ = {isa = PBXFileReference; explicitFileType = wrapper.application; includeInIndex = 0; path = "My To Dos.app"; sourceTree = BUILT_PRODUCTS_DIR; };
		AD9484BC1E6665C60045BBB8 /* AppDelegate.swift */ = {isa = PBXFileReference; lastKnownFileType = sourcecode.swift; path = AppDelegate.swift; sourceTree = "<group>"; };
		AD9484BE1E6665C60045BBB8 /* NoteViewController.swift */ = {isa = PBXFileReference; lastKnownFileType = sourcecode.swift; path = NoteViewController.swift; sourceTree = "<group>"; };
		AD9484C11E6665C60045BBB8 /* Base */ = {isa = PBXFileReference; lastKnownFileType = file.storyboard; name = Base; path = Base.lproj/Main.storyboard; sourceTree = "<group>"; };
		AD9484C61E6665C60045BBB8 /* Base */ = {isa = PBXFileReference; lastKnownFileType = file.storyboard; name = Base; path = Base.lproj/LaunchScreen.storyboard; sourceTree = "<group>"; };
		AD9484C81E6665C60045BBB8 /* Info.plist */ = {isa = PBXFileReference; lastKnownFileType = text.plist.xml; path = Info.plist; sourceTree = "<group>"; };
		AD9484CD1E6665C60045BBB8 /* My To DosTests.xctest */ = {isa = PBXFileReference; explicitFileType = wrapper.cfbundle; includeInIndex = 0; path = "My To DosTests.xctest"; sourceTree = BUILT_PRODUCTS_DIR; };
		AD9484D11E6665C60045BBB8 /* My_To_DosTests.swift */ = {isa = PBXFileReference; lastKnownFileType = sourcecode.swift; path = My_To_DosTests.swift; sourceTree = "<group>"; };
		AD9484D31E6665C60045BBB8 /* Info.plist */ = {isa = PBXFileReference; lastKnownFileType = text.plist.xml; path = Info.plist; sourceTree = "<group>"; };
		AD9484D81E6665C60045BBB8 /* My To DosUITests.xctest */ = {isa = PBXFileReference; explicitFileType = wrapper.cfbundle; includeInIndex = 0; path = "My To DosUITests.xctest"; sourceTree = BUILT_PRODUCTS_DIR; };
		AD9484DC1E6665C60045BBB8 /* My_To_DosUITests.swift */ = {isa = PBXFileReference; lastKnownFileType = sourcecode.swift; path = My_To_DosUITests.swift; sourceTree = "<group>"; };
		AD9484DE1E6665C60045BBB8 /* Info.plist */ = {isa = PBXFileReference; lastKnownFileType = text.plist.xml; path = Info.plist; sourceTree = "<group>"; };
		ADE880251E67C76300EF4E7E /* Note.swift */ = {isa = PBXFileReference; fileEncoding = 4; lastKnownFileType = sourcecode.swift; path = Note.swift; sourceTree = "<group>"; };
		ADEB02441E69E7390062A6AC /* Assets.xcassets */ = {isa = PBXFileReference; lastKnownFileType = folder.assetcatalog; path = Assets.xcassets; sourceTree = "<group>"; };
		ADF02AC21E6D1A6400F42B54 /* dateTimeViewController.swift */ = {isa = PBXFileReference; fileEncoding = 4; lastKnownFileType = sourcecode.swift; path = dateTimeViewController.swift; sourceTree = "<group>"; };
/* End PBXFileReference section */

/* Begin PBXFrameworksBuildPhase section */
		AD9484B61E6665C60045BBB8 /* Frameworks */ = {
			isa = PBXFrameworksBuildPhase;
			buildActionMask = 2147483647;
			files = (
			);
			runOnlyForDeploymentPostprocessing = 0;
		};
		AD9484CA1E6665C60045BBB8 /* Frameworks */ = {
			isa = PBXFrameworksBuildPhase;
			buildActionMask = 2147483647;
			files = (
			);
			runOnlyForDeploymentPostprocessing = 0;
		};
		AD9484D51E6665C60045BBB8 /* Frameworks */ = {
			isa = PBXFrameworksBuildPhase;
			buildActionMask = 2147483647;
			files = (
			);
			runOnlyForDeploymentPostprocessing = 0;
		};
/* End PBXFrameworksBuildPhase section */

/* Begin PBXGroup section */
		AD9484B01E6665C60045BBB8 = {
			isa = PBXGroup;
			children = (
				AD9484BB1E6665C60045BBB8 /* My To Dos */,
				AD9484D01E6665C60045BBB8 /* My To DosTests */,
				AD9484DB1E6665C60045BBB8 /* My To DosUITests */,
				AD9484BA1E6665C60045BBB8 /* Products */,
			);
			sourceTree = "<group>";
		};
		AD9484BA1E6665C60045BBB8 /* Products */ = {
			isa = PBXGroup;
			children = (
				AD9484B91E6665C60045BBB8 /* My To Dos.app */,
				AD9484CD1E6665C60045BBB8 /* My To DosTests.xctest */,
				AD9484D81E6665C60045BBB8 /* My To DosUITests.xctest */,
			);
			name = Products;
			sourceTree = "<group>";
		};
		AD9484BB1E6665C60045BBB8 /* My To Dos */ = {
			isa = PBXGroup;
			children = (
				AD9484BC1E6665C60045BBB8 /* AppDelegate.swift */,
				AD9484BE1E6665C60045BBB8 /* NoteViewController.swift */,
				AD9484C01E6665C60045BBB8 /* Main.storyboard */,
				ADF02AC21E6D1A6400F42B54 /* dateTimeViewController.swift */,
				AD319C721E6BFC3500E2280B /* NoteTableViewController.swift */,
				AD319C701E6BEFAA00E2280B /* NoteTableViewCell.swift */,
				ADEB02441E69E7390062A6AC /* Assets.xcassets */,
				ADE880251E67C76300EF4E7E /* Note.swift */,
				AD9484C51E6665C60045BBB8 /* LaunchScreen.storyboard */,
				AD9484C81E6665C60045BBB8 /* Info.plist */,
			);
			path = "My To Dos";
			sourceTree = "<group>";
		};
		AD9484D01E6665C60045BBB8 /* My To DosTests */ = {
			isa = PBXGroup;
			children = (
				AD9484D11E6665C60045BBB8 /* My_To_DosTests.swift */,
				AD9484D31E6665C60045BBB8 /* Info.plist */,
			);
			path = "My To DosTests";
			sourceTree = "<group>";
		};
		AD9484DB1E6665C60045BBB8 /* My To DosUITests */ = {
			isa = PBXGroup;
			children = (
				AD9484DC1E6665C60045BBB8 /* My_To_DosUITests.swift */,
				AD9484DE1E6665C60045BBB8 /* Info.plist */,
			);
			path = "My To DosUITests";
			sourceTree = "<group>";
		};
/* End PBXGroup section */

/* Begin PBXNativeTarget section */
		AD9484B81E6665C60045BBB8 /* My To Dos */ = {
			isa = PBXNativeTarget;
			buildConfigurationList = AD9484E11E6665C60045BBB8 /* Build configuration list for PBXNativeTarget "My To Dos" */;
			buildPhases = (
				AD9484B51E6665C60045BBB8 /* Sources */,
				AD9484B61E6665C60045BBB8 /* Frameworks */,
				AD9484B71E6665C60045BBB8 /* Resources */,
			);
			buildRules = (
			);
			dependencies = (
			);
			name = "My To Dos";
			productName = "My To Dos";
			productReference = AD9484B91E6665C60045BBB8 /* My To Dos.app */;
			productType = "com.apple.product-type.application";
		};
		AD9484CC1E6665C60045BBB8 /* My To DosTests */ = {
			isa = PBXNativeTarget;
			buildConfigurationList = AD9484E41E6665C60045BBB8 /* Build configuration list for PBXNativeTarget "My To DosTests" */;
			buildPhases = (
				AD9484C91E6665C60045BBB8 /* Sources */,
				AD9484CA1E6665C60045BBB8 /* Frameworks */,
				AD9484CB1E6665C60045BBB8 /* Resources */,
			);
			buildRules = (
			);
			dependencies = (
				AD9484CF1E6665C60045BBB8 /* PBXTargetDependency */,
			);
			name = "My To DosTests";
			productName = "My To DosTests";
			productReference = AD9484CD1E6665C60045BBB8 /* My To DosTests.xctest */;
			productType = "com.apple.product-type.bundle.unit-test";
		};
		AD9484D71E6665C60045BBB8 /* My To DosUITests */ = {
			isa = PBXNativeTarget;
			buildConfigurationList = AD9484E71E6665C60045BBB8 /* Build configuration list for PBXNativeTarget "My To DosUITests" */;
			buildPhases = (
				AD9484D41E6665C60045BBB8 /* Sources */,
				AD9484D51E6665C60045BBB8 /* Frameworks */,
				AD9484D61E6665C60045BBB8 /* Resources */,
			);
			buildRules = (
			);
			dependencies = (
				AD9484DA1E6665C60045BBB8 /* PBXTargetDependency */,
			);
			name = "My To DosUITests";
			productName = "My To DosUITests";
			productReference = AD9484D81E6665C60045BBB8 /* My To DosUITests.xctest */;
			productType = "com.apple.product-type.bundle.ui-testing";
		};
/* End PBXNativeTarget section */

/* Begin PBXProject section */
		AD9484B11E6665C60045BBB8 /* Project object */ = {
			isa = PBXProject;
			attributes = {
				LastSwiftUpdateCheck = 0820;
				LastUpgradeCheck = 0820;
				ORGANIZATIONNAME = "Brijesh Patel";
				TargetAttributes = {
					AD9484B81E6665C60045BBB8 = {
						CreatedOnToolsVersion = 8.2.1;
						DevelopmentTeam = 6X5B26J782;
						ProvisioningStyle = Automatic;
					};
					AD9484CC1E6665C60045BBB8 = {
						CreatedOnToolsVersion = 8.2.1;
						DevelopmentTeam = 6X5B26J782;
						ProvisioningStyle = Automatic;
						TestTargetID = AD9484B81E6665C60045BBB8;
					};
					AD9484D71E6665C60045BBB8 = {
						CreatedOnToolsVersion = 8.2.1;
						DevelopmentTeam = 6X5B26J782;
						ProvisioningStyle = Automatic;
						TestTargetID = AD9484B81E6665C60045BBB8;
					};
				};
			};
			buildConfigurationList = AD9484B41E6665C60045BBB8 /* Build configuration list for PBXProject "My To Dos" */;
			compatibilityVersion = "Xcode 3.2";
			developmentRegion = English;
			hasScannedForEncodings = 0;
			knownRegions = (
				en,
				Base,
			);
			mainGroup = AD9484B01E6665C60045BBB8;
			productRefGroup = AD9484BA1E6665C60045BBB8 /* Products */;
			projectDirPath = "";
			projectRoot = "";
			targets = (
				AD9484B81E6665C60045BBB8 /* My To Dos */,
				AD9484CC1E6665C60045BBB8 /* My To DosTests */,
				AD9484D71E6665C60045BBB8 /* My To DosUITests */,
			);
		};
/* End PBXProject section */

/* Begin PBXResourcesBuildPhase section */
		AD9484B71E6665C60045BBB8 /* Resources */ = {
			isa = PBXResourcesBuildPhase;
			buildActionMask = 2147483647;
			files = (
				AD9484C71E6665C60045BBB8 /* LaunchScreen.storyboard in Resources */,
				ADEB02451E69E7390062A6AC /* Assets.xcassets in Resources */,
				AD9484C21E6665C60045BBB8 /* Main.storyboard in Resources */,
			);
			runOnlyForDeploymentPostprocessing = 0;
		};
		AD9484CB1E6665C60045BBB8 /* Resources */ = {
			isa = PBXResourcesBuildPhase;
			buildActionMask = 2147483647;
			files = (
			);
			runOnlyForDeploymentPostprocessing = 0;
		};
		AD9484D61E6665C60045BBB8 /* Resources */ = {
			isa = PBXResourcesBuildPhase;
			buildActionMask = 2147483647;
			files = (
			);
			runOnlyForDeploymentPostprocessing = 0;
		};
/* End PBXResourcesBuildPhase section */

/* Begin PBXSourcesBuildPhase section */
		AD9484B51E6665C60045BBB8 /* Sources */ = {
			isa = PBXSourcesBuildPhase;
			buildActionMask = 2147483647;
			files = (
				AD319C731E6BFC3500E2280B /* NoteTableViewController.swift in Sources */,
				ADF02AC31E6D1A6400F42B54 /* dateTimeViewController.swift in Sources */,
				AD9484BF1E6665C60045BBB8 /* NoteViewController.swift in Sources */,
				AD9484BD1E6665C60045BBB8 /* AppDelegate.swift in Sources */,
				ADE880261E67C76300EF4E7E /* Note.swift in Sources */,
				AD319C711E6BEFAA00E2280B /* NoteTableViewCell.swift in Sources */,
			);
			runOnlyForDeploymentPostprocessing = 0;
		};
		AD9484C91E6665C60045BBB8 /* Sources */ = {
			isa = PBXSourcesBuildPhase;
			buildActionMask = 2147483647;
			files = (
				AD9484D21E6665C60045BBB8 /* My_To_DosTests.swift in Sources */,
			);
			runOnlyForDeploymentPostprocessing = 0;
		};
		AD9484D41E6665C60045BBB8 /* Sources */ = {
			isa = PBXSourcesBuildPhase;
			buildActionMask = 2147483647;
			files = (
				AD9484DD1E6665C60045BBB8 /* My_To_DosUITests.swift in Sources */,
			);
			runOnlyForDeploymentPostprocessing = 0;
		};
/* End PBXSourcesBuildPhase section */

/* Begin PBXTargetDependency section */
		AD9484CF1E6665C60045BBB8 /* PBXTargetDependency */ = {
			isa = PBXTargetDependency;
			target = AD9484B81E6665C60045BBB8 /* My To Dos */;
			targetProxy = AD9484CE1E6665C60045BBB8 /* PBXContainerItemProxy */;
		};
		AD9484DA1E6665C60045BBB8 /* PBXTargetDependency */ = {
			isa = PBXTargetDependency;
			target = AD9484B81E6665C60045BBB8 /* My To Dos */;
			targetProxy = AD9484D91E6665C60045BBB8 /* PBXContainerItemProxy */;
		};
/* End PBXTargetDependency section */

/* Begin PBXVariantGroup section */
		AD9484C01E6665C60045BBB8 /* Main.storyboard */ = {
			isa = PBXVariantGroup;
			children = (
				AD9484C11E6665C60045BBB8 /* Base */,
			);
			name = Main.storyboard;
			sourceTree = "<group>";
		};
		AD9484C51E6665C60045BBB8 /* LaunchScreen.storyboard */ = {
			isa = PBXVariantGroup;
			children = (
				AD9484C61E6665C60045BBB8 /* Base */,
			);
			name = LaunchScreen.storyboard;
			sourceTree = "<group>";
		};
/* End PBXVariantGroup section */

/* Begin XCBuildConfiguration section */
		AD9484DF1E6665C60045BBB8 /* Debug */ = {
			isa = XCBuildConfiguration;
			buildSettings = {
				ALWAYS_SEARCH_USER_PATHS = NO;
				CLANG_ANALYZER_NONNULL = YES;
				CLANG_CXX_LANGUAGE_STANDARD = "gnu++0x";
				CLANG_CXX_LIBRARY = "libc++";
				CLANG_ENABLE_MODULES = YES;
				CLANG_ENABLE_OBJC_ARC = YES;
				CLANG_WARN_BOOL_CONVERSION = YES;
				CLANG_WARN_CONSTANT_CONVERSION = YES;
				CLANG_WARN_DIRECT_OBJC_ISA_USAGE = YES_ERROR;
				CLANG_WARN_DOCUMENTATION_COMMENTS = YES;
				CLANG_WARN_EMPTY_BODY = YES;
				CLANG_WARN_ENUM_CONVERSION = YES;
				CLANG_WARN_INFINITE_RECURSION = YES;
				CLANG_WARN_INT_CONVERSION = YES;
				CLANG_WARN_OBJC_ROOT_CLASS = YES_ERROR;
				CLANG_WARN_SUSPICIOUS_MOVE = YES;
				CLANG_WARN_UNREACHABLE_CODE = YES;
				CLANG_WARN__DUPLICATE_METHOD_MATCH = YES;
				"CODE_SIGN_IDENTITY[sdk=iphoneos*]" = "iPhone Developer";
				COPY_PHASE_STRIP = NO;
				DEBUG_INFORMATION_FORMAT = dwarf;
				ENABLE_STRICT_OBJC_MSGSEND = YES;
				ENABLE_TESTABILITY = YES;
				GCC_C_LANGUAGE_STANDARD = gnu99;
				GCC_DYNAMIC_NO_PIC = NO;
				GCC_NO_COMMON_BLOCKS = YES;
				GCC_OPTIMIZATION_LEVEL = 0;
				GCC_PREPROCESSOR_DEFINITIONS = (
					"DEBUG=1",
					"$(inherited)",
				);
				GCC_WARN_64_TO_32_BIT_CONVERSION = YES;
				GCC_WARN_ABOUT_RETURN_TYPE = YES_ERROR;
				GCC_WARN_UNDECLARED_SELECTOR = YES;
				GCC_WARN_UNINITIALIZED_AUTOS = YES_AGGRESSIVE;
				GCC_WARN_UNUSED_FUNCTION = YES;
				GCC_WARN_UNUSED_VARIABLE = YES;
				IPHONEOS_DEPLOYMENT_TARGET = 10.2;
				MTL_ENABLE_DEBUG_INFO = YES;
				ONLY_ACTIVE_ARCH = YES;
				SDKROOT = iphoneos;
				SWIFT_ACTIVE_COMPILATION_CONDITIONS = DEBUG;
				SWIFT_OPTIMIZATION_LEVEL = "-Onone";
				TARGETED_DEVICE_FAMILY = "1,2";
			};
			name = Debug;
		};
		AD9484E01E6665C60045BBB8 /* Release */ = {
			isa = XCBuildConfiguration;
			buildSettings = {
				ALWAYS_SEARCH_USER_PATHS = NO;
				CLANG_ANALYZER_NONNULL = YES;
				CLANG_CXX_LANGUAGE_STANDARD = "gnu++0x";
				CLANG_CXX_LIBRARY = "libc++";
				CLANG_ENABLE_MODULES = YES;
				CLANG_ENABLE_OBJC_ARC = YES;
				CLANG_WARN_BOOL_CONVERSION = YES;
				CLANG_WARN_CONSTANT_CONVERSION = YES;
				CLANG_WARN_DIRECT_OBJC_ISA_USAGE = YES_ERROR;
				CLANG_WARN_DOCUMENTATION_COMMENTS = YES;
				CLANG_WARN_EMPTY_BODY = YES;
				CLANG_WARN_ENUM_CONVERSION = YES;
				CLANG_WARN_INFINITE_RECURSION = YES;
				CLANG_WARN_INT_CONVERSION = YES;
				CLANG_WARN_OBJC_ROOT_CLASS = YES_ERROR;
				CLANG_WARN_SUSPICIOUS_MOVE = YES;
				CLANG_WARN_UNREACHABLE_CODE = YES;
				CLANG_WARN__DUPLICATE_METHOD_MATCH = YES;
				"CODE_SIGN_IDENTITY[sdk=iphoneos*]" = "iPhone Developer";
				COPY_PHASE_STRIP = NO;
				DEBUG_INFORMATION_FORMAT = "dwarf-with-dsym";
				ENABLE_NS_ASSERTIONS = NO;
				ENABLE_STRICT_OBJC_MSGSEND = YES;
				GCC_C_LANGUAGE_STANDARD = gnu99;
				GCC_NO_COMMON_BLOCKS = YES;
				GCC_WARN_64_TO_32_BIT_CONVERSION = YES;
				GCC_WARN_ABOUT_RETURN_TYPE = YES_ERROR;
				GCC_WARN_UNDECLARED_SELECTOR = YES;
				GCC_WARN_UNINITIALIZED_AUTOS = YES_AGGRESSIVE;
				GCC_WARN_UNUSED_FUNCTION = YES;
				GCC_WARN_UNUSED_VARIABLE = YES;
				IPHONEOS_DEPLOYMENT_TARGET = 10.2;
				MTL_ENABLE_DEBUG_INFO = NO;
				SDKROOT = iphoneos;
				SWIFT_OPTIMIZATION_LEVEL = "-Owholemodule";
				TARGETED_DEVICE_FAMILY = "1,2";
				VALIDATE_PRODUCT = YES;
			};
			name = Release;
		};
		AD9484E21E6665C60045BBB8 /* Debug */ = {
			isa = XCBuildConfiguration;
			buildSettings = {
				ASSETCATALOG_COMPILER_APPICON_NAME = AppIcon;
				DEVELOPMENT_TEAM = 6X5B26J782;
				INFOPLIST_FILE = "My To Dos/Info.plist";
				LD_RUNPATH_SEARCH_PATHS = "$(inherited) @executable_path/Frameworks";
				PRODUCT_BUNDLE_IDENTIFIER = "ca.uregina.cs.855.patel38b.My-To-Dos";
				PRODUCT_NAME = "$(TARGET_NAME)";
				SWIFT_VERSION = 3.0;
			};
			name = Debug;
		};
		AD9484E31E6665C60045BBB8 /* Release */ = {
			isa = XCBuildConfiguration;
			buildSettings = {
				ASSETCATALOG_COMPILER_APPICON_NAME = AppIcon;
				DEVELOPMENT_TEAM = 6X5B26J782;
				INFOPLIST_FILE = "My To Dos/Info.plist";
				LD_RUNPATH_SEARCH_PATHS = "$(inherited) @executable_path/Frameworks";
				PRODUCT_BUNDLE_IDENTIFIER = "ca.uregina.cs.855.patel38b.My-To-Dos";
				PRODUCT_NAME = "$(TARGET_NAME)";
				SWIFT_VERSION = 3.0;
			};
			name = Release;
		};
		AD9484E51E6665C60045BBB8 /* Debug */ = {
			isa = XCBuildConfiguration;
			buildSettings = {
				ALWAYS_EMBED_SWIFT_STANDARD_LIBRARIES = YES;
				BUNDLE_LOADER = "$(TEST_HOST)";
				DEVELOPMENT_TEAM = 6X5B26J782;
				INFOPLIST_FILE = "My To DosTests/Info.plist";
				LD_RUNPATH_SEARCH_PATHS = "$(inherited) @executable_path/Frameworks @loader_path/Frameworks";
				PRODUCT_BUNDLE_IDENTIFIER = "ca.uregina.cs.855.patel38b.My-To-DosTests";
				PRODUCT_NAME = "$(TARGET_NAME)";
				SWIFT_VERSION = 3.0;
				TEST_HOST = "$(BUILT_PRODUCTS_DIR)/My To Dos.app/My To Dos";
			};
			name = Debug;
		};
		AD9484E61E6665C60045BBB8 /* Release */ = {
			isa = XCBuildConfiguration;
			buildSettings = {
				ALWAYS_EMBED_SWIFT_STANDARD_LIBRARIES = YES;
				BUNDLE_LOADER = "$(TEST_HOST)";
				DEVELOPMENT_TEAM = 6X5B26J782;
				INFOPLIST_FILE = "My To DosTests/Info.plist";
				LD_RUNPATH_SEARCH_PATHS = "$(inherited) @executable_path/Frameworks @loader_path/Frameworks";
				PRODUCT_BUNDLE_IDENTIFIER = "ca.uregina.cs.855.patel38b.My-To-DosTests";
				PRODUCT_NAME = "$(TARGET_NAME)";
				SWIFT_VERSION = 3.0;
				TEST_HOST = "$(BUILT_PRODUCTS_DIR)/My To Dos.app/My To Dos";
			};
			name = Release;
		};
		AD9484E81E6665C60045BBB8 /* Debug */ = {
			isa = XCBuildConfiguration;
			buildSettings = {
				ALWAYS_EMBED_SWIFT_STANDARD_LIBRARIES = YES;
				DEVELOPMENT_TEAM = 6X5B26J782;
				INFOPLIST_FILE = "My To DosUITests/Info.plist";
				LD_RUNPATH_SEARCH_PATHS = "$(inherited) @executable_path/Frameworks @loader_path/Frameworks";
				PRODUCT_BUNDLE_IDENTIFIER = "ca.uregina.cs.855.patel38b.My-To-DosUITests";
				PRODUCT_NAME = "$(TARGET_NAME)";
				SWIFT_VERSION = 3.0;
				TEST_TARGET_NAME = "My To Dos";
			};
			name = Debug;
		};
		AD9484E91E6665C60045BBB8 /* Release */ = {
			isa = XCBuildConfiguration;
			buildSettings = {
				ALWAYS_EMBED_SWIFT_STANDARD_LIBRARIES = YES;
				DEVELOPMENT_TEAM = 6X5B26J782;
				INFOPLIST_FILE = "My To DosUITests/Info.plist";
				LD_RUNPATH_SEARCH_PATHS = "$(inherited) @executable_path/Frameworks @loader_path/Frameworks";
				PRODUCT_BUNDLE_IDENTIFIER = "ca.uregina.cs.855.patel38b.My-To-DosUITests";
				PRODUCT_NAME = "$(TARGET_NAME)";
				SWIFT_VERSION = 3.0;
				TEST_TARGET_NAME = "My To Dos";
			};
			name = Release;
		};
/* End XCBuildConfiguration section */

/* Begin XCConfigurationList section */
		AD9484B41E6665C60045BBB8 /* Build configuration list for PBXProject "My To Dos" */ = {
			isa = XCConfigurationList;
			buildConfigurations = (
				AD9484DF1E6665C60045BBB8 /* Debug */,
				AD9484E01E6665C60045BBB8 /* Release */,
			);
			defaultConfigurationIsVisible = 0;
			defaultConfigurationName = Release;
		};
		AD9484E11E6665C60045BBB8 /* Build configuration list for PBXNativeTarget "My To Dos" */ = {
			isa = XCConfigurationList;
			buildConfigurations = (
				AD9484E21E6665C60045BBB8 /* Debug */,
				AD9484E31E6665C60045BBB8 /* Release */,
			);
			defaultConfigurationIsVisible = 0;
			defaultConfigurationName = Release;
		};
		AD9484E41E6665C60045BBB8 /* Build configuration list for PBXNativeTarget "My To DosTests" */ = {
			isa = XCConfigurationList;
			buildConfigurations = (
				AD9484E51E6665C60045BBB8 /* Debug */,
				AD9484E61E6665C60045BBB8 /* Release */,
			);
			defaultConfigurationIsVisible = 0;
			defaultConfigurationName = Release;
		};
		AD9484E71E6665C60045BBB8 /* Build configuration list for PBXNativeTarget "My To DosUITests" */ = {
			isa = XCConfigurationList;
			buildConfigurations = (
				AD9484E81E6665C60045BBB8 /* Debug */,
				AD9484E91E6665C60045BBB8 /* Release */,
			);
			defaultConfigurationIsVisible = 0;
			defaultConfigurationName = Release;
		};
/* End XCConfigurationList section */
	};
	rootObject = AD9484B11E6665C60045BBB8 /* Project object */;
}
